
Microsoft Visual Studio Solution File, Format Version 12.00
# Visual Studio Version 17
VisualStudioVersion = 17.14.36414.22 d17.14
MinimumVisualStudioVersion = 10.0.40219.1
Project("{FAE04EC0-301F-11D3-BF4B-00C04F79EFBC}") = "BeautySalon", "BeautySalon.csproj", "{D4338AFA-83B3-48DB-8351-0F2D077E68C7}"
EndProject
Global
	GlobalSection(SolutionConfigurationPlatforms) = preSolution
		Debug|Any CPU = Debug|Any CPU
		Release|Any CPU = Release|Any CPU
	EndGlobalSection
	GlobalSection(ProjectConfigurationPlatforms) = postSolution
		{D4338AFA-83B3-48DB-8351-0F2D077E68C7}.Debug|Any CPU.ActiveCfg = Debug|Any CPU
		{D4338AFA-83B3-48DB-8351-0F2D077E68C7}.Debug|Any CPU.Build.0 = Debug|Any CPU
		{D4338AFA-83B3-48DB-8351-0F2D077E68C7}.Release|Any CPU.ActiveCfg = Release|Any CPU
		{D4338AFA-83B3-48DB-8351-0F2D077E68C7}.Release|Any CPU.Build.0 = Release|Any CPU
	EndGlobalSection
	GlobalSection(SolutionProperties) = preSolution
		HideSolutionNode = FALSE
	EndGlobalSection
	GlobalSection(ExtensibilityGlobals) = postSolution
		SolutionGuid = {64A65928-99F5-42AF-B7D9-F13779B574D6}
	EndGlobalSection
EndGlobal
